
Microsoft Visual Studio Solution File, Format Version 12.00
# Visual Studio Version 17
VisualStudioVersion = 17.7.34024.191
MinimumVisualStudioVersion = 10.0.40219.1
Project("{FAE04EC0-301F-11D3-BF4B-00C04F79EFBC}") = "vizsgaremek", "vizsgaremek\vizsgaremek.csproj", "{ED65EC96-98E4-4C0A-A797-8A8B8D8309C2}"
EndProject
Global
	GlobalSection(SolutionConfigurationPlatforms) = preSolution
		Debug|Any CPU = Debug|Any CPU
		Release|Any CPU = Release|Any CPU
	EndGlobalSection
	GlobalSection(ProjectConfigurationPlatforms) = postSolution
		{ED65EC96-98E4-4C0A-A797-8A8B8D8309C2}.Debug|Any CPU.ActiveCfg = Debug|Any CPU
		{ED65EC96-98E4-4C0A-A797-8A8B8D8309C2}.Debug|Any CPU.Build.0 = Debug|Any CPU
		{ED65EC96-98E4-4C0A-A797-8A8B8D8309C2}.Release|Any CPU.ActiveCfg = Release|Any CPU
		{ED65EC96-98E4-4C0A-A797-8A8B8D8309C2}.Release|Any CPU.Build.0 = Release|Any CPU
	EndGlobalSection
	GlobalSection(SolutionProperties) = preSolution
		HideSolutionNode = FALSE
	EndGlobalSection
	GlobalSection(ExtensibilityGlobals) = postSolution
		SolutionGuid = {C18D9F50-D21D-4FD9-9A22-7902BB1DED5D}
	EndGlobalSection
EndGlobal
