
Microsoft Visual Studio Solution File, Format Version 12.00
# Visual Studio Version 17
VisualStudioVersion = 17.7.34024.191
MinimumVisualStudioVersion = 10.0.40219.1
Project("{9A19103F-16F7-4668-BE54-9A1E7A4F7556}") = "vizsgaremek", "vizsgaremek\vizsgaremek.csproj", "{ED65EC96-98E4-4C0A-A797-8A8B8D8309C2}"
EndProject
Project("{54435603-DBB4-11D2-8724-00A0C9A8B90C}") = "Soulpactum Setup", "Soulpactum Setup\Soulpactum Setup.vdproj", "{54CC30F9-E967-42AF-98DE-B99E79F6093D}"
EndProject
Global
	GlobalSection(SolutionConfigurationPlatforms) = preSolution
		Debug|Any CPU = Debug|Any CPU
		Release|Any CPU = Release|Any CPU
	EndGlobalSection
	GlobalSection(ProjectConfigurationPlatforms) = postSolution
		{ED65EC96-98E4-4C0A-A797-8A8B8D8309C2}.Debug|Any CPU.ActiveCfg = Debug|Any CPU
		{ED65EC96-98E4-4C0A-A797-8A8B8D8309C2}.Debug|Any CPU.Build.0 = Debug|Any CPU
		{ED65EC96-98E4-4C0A-A797-8A8B8D8309C2}.Release|Any CPU.ActiveCfg = Release|Any CPU
		{ED65EC96-98E4-4C0A-A797-8A8B8D8309C2}.Release|Any CPU.Build.0 = Release|Any CPU
		{54CC30F9-E967-42AF-98DE-B99E79F6093D}.Debug|Any CPU.ActiveCfg = Debug
		{54CC30F9-E967-42AF-98DE-B99E79F6093D}.Release|Any CPU.ActiveCfg = Release
	EndGlobalSection
	GlobalSection(SolutionProperties) = preSolution
		HideSolutionNode = FALSE
	EndGlobalSection
	GlobalSection(ExtensibilityGlobals) = postSolution
		SolutionGuid = {C18D9F50-D21D-4FD9-9A22-7902BB1DED5D}
	EndGlobalSection
EndGlobal
